// !$*UTF8*$!
{
	archiveVersion = 1;
	classes = {
	};
	objectVersion = 46;
	objects = {

/* Begin PBXBuildFile section */
		020D49FDE649458698BD1ADD /* bg_inner@2x.png in Resources */ = {isa = PBXBuildFile; fileRef = 5E08D38A29D9416D96828DB0 /* bg_inner@2x.png */; };
		0A284FD743E84956978CEAEC /* icon-40@2x.png in Resources */ = {isa = PBXBuildFile; fileRef = 9F3B46F7AF094BA49BD645CA /* icon-40@2x.png */; };
		0C844E1DB46F44458F332774 /* LaunchScreen.storyboard in Resources */ = {isa = PBXBuildFile; fileRef = 5149758DA4AC43B4B091D202 /* LaunchScreen.storyboard */; };
		134E4B24824D41028FB9E03C /* icon-57@2x.png in Resources */ = {isa = PBXBuildFile; fileRef = 4322AE5909F0481499749B9C /* icon-57@2x.png */; };
		14F04F90C3A044B8A403A941 /* TNSWidgets.framework in Frameworks */ = {isa = PBXBuildFile; fileRef = 399771B008544D5F8235A296 /* TNSWidgets.framework */; };
		19FAB50325BF4F59ACD45001 /* icon-57.png in Resources */ = {isa = PBXBuildFile; fileRef = B688B8A6917944E6B35565C3 /* icon-57.png */; };
		26506097588D4B1E97D3C825 /* nonselected@3x.png in Resources */ = {isa = PBXBuildFile; fileRef = 64C05DBE788E4438B289395B /* nonselected@3x.png */; };
		26F27B80C204426E85C19975 /* logo_login@3x.png in Resources */ = {isa = PBXBuildFile; fileRef = 2885E800A15348EDB100B34E /* logo_login@3x.png */; };
		284DE5A451C74F119564BFED /* unchecked@2x.png in Resources */ = {isa = PBXBuildFile; fileRef = EF73BFBE3E764D839A8DDA71 /* unchecked@2x.png */; };
		2919165CFD5C40559418B31D /* bg_login@2x.png in Resources */ = {isa = PBXBuildFile; fileRef = 3D9AC894D6754376A156E971 /* bg_login@2x.png */; };
		2C5894259E3A4A8F832D524E /* logo_login.png in Resources */ = {isa = PBXBuildFile; fileRef = AEF87BD1E27044F9B30F04D3 /* logo_login.png */; };
		2CF0D80AE58740F684865C85 /* recent@3x.png in Resources */ = {isa = PBXBuildFile; fileRef = 306FD4BE116C4F8CB1CA8B30 /* recent@3x.png */; };
		2D32423073EE46B195CBE9EE /* icon-Small@3x.png in Resources */ = {isa = PBXBuildFile; fileRef = D83CCEA4E96542C3A9D1FA00 /* icon-Small@3x.png */; };
		2FBD12C8F1CA4FA2826563F0 /* checked@3x.png in Resources */ = {isa = PBXBuildFile; fileRef = 161C48ACAFD1443DAB02495D /* checked@3x.png */; };
		32F714C16B1942009574C886 /* icon-60@2x.png in Resources */ = {isa = PBXBuildFile; fileRef = BC6BC2D571E7450ABA97B085 /* icon-60@2x.png */; };
		36D9BF0E189B4D12A6DDA3B9 /* logo_signup@3x.png in Resources */ = {isa = PBXBuildFile; fileRef = D2371CC098B54D2CB8137B92 /* logo_signup@3x.png */; };
		3A36D60E7CFA46DFB8E5F063 /* icon-40@3x.png in Resources */ = {isa = PBXBuildFile; fileRef = E514679D801848A88C94A264 /* icon-40@3x.png */; };
		3AA2A0DAF1CA4DF5B6AF7592 /* icon-76@2x.png in Resources */ = {isa = PBXBuildFile; fileRef = 90CDC1BBD60B48D8AEFF88BD /* icon-76@2x.png */; };
		3E22FC0EBD084B168A19F44C /* bg_inner@3x.png in Resources */ = {isa = PBXBuildFile; fileRef = F63FDC007EB54BA6BEA37806 /* bg_inner@3x.png */; };
		40A4B178852F46969CE7365F /* unchecked_white.png in Resources */ = {isa = PBXBuildFile; fileRef = EB741337C0B14CFAB67DD001 /* unchecked_white.png */; };
		411DD9918DAE49ED8E47EB57 /* nonselected.png in Resources */ = {isa = PBXBuildFile; fileRef = A91CDB1600BD4958AE413255 /* nonselected.png */; };
		41305B40E1B84878BCE873DE /* selected.png in Resources */ = {isa = PBXBuildFile; fileRef = BF164CD174CB44D3BF656749 /* selected.png */; };
		42EE53A61D8C429AA898F4D1 /* unchecked_white@2x.png in Resources */ = {isa = PBXBuildFile; fileRef = B913AAAC0F204398B746FC54 /* unchecked_white@2x.png */; };
		43C731374FA94A22B558160D /* checked.png in Resources */ = {isa = PBXBuildFile; fileRef = 2C18226167B247DDB7040DA4 /* checked.png */; };
		4506808FFCD9430162FA3B90 /* Pods_CarWashApp.framework in Frameworks */ = {isa = PBXBuildFile; fileRef = EDC1EFF718C273136D28669E /* Pods_CarWashApp.framework */; };
		469053A7FFD94668B64ED265 /* unchecked.png in Resources */ = {isa = PBXBuildFile; fileRef = 9921725D3207451B9C7A06E8 /* unchecked.png */; };
		48D4A76BF4B04168948EF1CF /* iTunesArtwork@2x.png in Resources */ = {isa = PBXBuildFile; fileRef = 60B2185C97DF405EA8570FD3 /* iTunesArtwork@2x.png */; };
		4911BE4C074C41259630FC9C /* icon-29@3x.png in Resources */ = {isa = PBXBuildFile; fileRef = 0ADBDE35D94B4E77B092A4EA /* icon-29@3x.png */; };
		49BFEB683116409C9A5C62F5 /* icon-40.png in Resources */ = {isa = PBXBuildFile; fileRef = 281F6D23D46B45EFB40754A8 /* icon-40.png */; };
		4A0CF040E7A042FA9FC2802C /* icon-29.png in Resources */ = {isa = PBXBuildFile; fileRef = 3CEB0578D280456EA413B308 /* icon-29.png */; };
		4F08A3B39DDA40BABFFB9E60 /* unchecked_white@3x.png in Resources */ = {isa = PBXBuildFile; fileRef = 3362F572B9AA480288AE3598 /* unchecked_white@3x.png */; };
		4F207001B1FF4A8A9F7CA139 /* icon-83.5@2x.png in Resources */ = {isa = PBXBuildFile; fileRef = 91CCE4C2D3D34B5B8D92B509 /* icon-83.5@2x.png */; };
		503D8E11AB5242BD826FB1AF /* menu@3x.png in Resources */ = {isa = PBXBuildFile; fileRef = 20C39012E0F84CABA101B0DB /* menu@3x.png */; };
		50AC8F7CD1B042CB89A30299 /* icon-Small.png in Resources */ = {isa = PBXBuildFile; fileRef = 4E7B8627A3824FABADD33CF6 /* icon-Small.png */; };
		514216516421490D866A335E /* bg_inner.png in Resources */ = {isa = PBXBuildFile; fileRef = 21937D6390BE46A5B4810A33 /* bg_inner.png */; };
		5176EA19DE14407ABE4272F9 /* TNSWidgets.framework in Embed Frameworks */ = {isa = PBXBuildFile; fileRef = 399771B008544D5F8235A296 /* TNSWidgets.framework */; settings = {ATTRIBUTES = (CodeSignOnCopy, RemoveHeadersOnCopy, ); }; };
		57F76C9AAC5F4F329D513772 /* icon-57@3x.png in Resources */ = {isa = PBXBuildFile; fileRef = 008E38E87DF74735A0522109 /* icon-57@3x.png */; };
		602F704A37854536B67DA3C3 /* delete@2x.png in Resources */ = {isa = PBXBuildFile; fileRef = C86532CD4CC34A599A2FDBAD /* delete@2x.png */; };
		62C0DAF7E6D94AA08C051942 /* nonselected@2x.png in Resources */ = {isa = PBXBuildFile; fileRef = 511F191BCEB74BDCBC0FF7D2 /* nonselected@2x.png */; };
		6B4F1C0ACD4341EAA0151EDB /* icon-72@3x.png in Resources */ = {isa = PBXBuildFile; fileRef = 30018E5C9C564180952DCC69 /* icon-72@3x.png */; };
		6D5520209D2947DB8A82A62A /* logo_signup.png in Resources */ = {isa = PBXBuildFile; fileRef = D6BBE44D68EB4D28BD94A2C3 /* logo_signup.png */; };
		6DDA194D7C8F48EEBD5100D5 /* iTunesArtwork.png in Resources */ = {isa = PBXBuildFile; fileRef = 87052F63ED194C71AE5DA305 /* iTunesArtwork.png */; };
		72637517F07B48DCABB89506 /* delete.png in Resources */ = {isa = PBXBuildFile; fileRef = 1800B3DA4C1D4B8296B4FCEC /* delete.png */; };
		77FBCE67339049AE85569984 /* icon-Small@2x.png in Resources */ = {isa = PBXBuildFile; fileRef = 25A80F1C93C047CB89FBEA18 /* icon-Small@2x.png */; };
		7B4D07736A2A4DC3A8494BC8 /* recent.png in Resources */ = {isa = PBXBuildFile; fileRef = 2747374245BC4DA7844FA586 /* recent.png */; };
		83A67FE557314B89844E6A30 /* icon-60@3x.png in Resources */ = {isa = PBXBuildFile; fileRef = 41C8D828AB8544D48DB699D0 /* icon-60@3x.png */; };
		858B842D18CA22B800AB12DE /* InfoPlist.strings in Resources */ = {isa = PBXBuildFile; fileRef = 858B833A18CA111C00AB12DE /* InfoPlist.strings */; };
		86C38877EBFE4D8AB9FB4021 /* menu@2x.png in Resources */ = {isa = PBXBuildFile; fileRef = 184DCF846DB24BC2B45F917C /* menu@2x.png */; };
		8A98B32682B347D48C194585 /* icon.png in Resources */ = {isa = PBXBuildFile; fileRef = 28A70F9A73B04F48B031AC02 /* icon.png */; };
		8EAB0970D5BE462CBB05B75F /* icon-76.png in Resources */ = {isa = PBXBuildFile; fileRef = E0B357D8B3174E018E03DD73 /* icon-76.png */; };
		8F4559399A894FE6A28859EA /* icon-72.png in Resources */ = {isa = PBXBuildFile; fileRef = E1FDCFADDC444EBA98409C34 /* icon-72.png */; };
		924147BB69004FE4A396CB5B /* add@3x.png in Resources */ = {isa = PBXBuildFile; fileRef = BA8F5FCEE2904A8D8DF6D4C2 /* add@3x.png */; };
		9375D06785C2454B9DAEB0F4 /* icon-120.png in Resources */ = {isa = PBXBuildFile; fileRef = B0BE9FA8CC8349C79AA25323 /* icon-120.png */; };
		956BAC2E6F2A4A7B92C79646 /* bg_login@3x.png in Resources */ = {isa = PBXBuildFile; fileRef = DDC18EFD45BC4A1F991E9A25 /* bg_login@3x.png */; };
		97C4C17B20494DAA9DCA7167 /* add.png in Resources */ = {isa = PBXBuildFile; fileRef = E986B0C68CE846619CD54779 /* add.png */; };
		9A96AB35B9C547298A82BBA2 /* checked_white.png in Resources */ = {isa = PBXBuildFile; fileRef = F18074D7C89D4B7AA4E808D6 /* checked_white.png */; };
		A0D90C1413974B5BBAF4D914 /* icon-60.png in Resources */ = {isa = PBXBuildFile; fileRef = D87F020867654A6699884AC7 /* icon-60.png */; };
		A5D3B2435A574597B18CFF75 /* bg_login.png in Resources */ = {isa = PBXBuildFile; fileRef = 50C5FF3287AF4BBF994BC01C /* bg_login.png */; };
		AB406781D335493FAF8AB496 /* build.xcconfig in Resources */ = {isa = PBXBuildFile; fileRef = 601315E0971941C88C0D3971 /* build.xcconfig */; };
		B3722E2DE3954E70BF1E740E /* add@2x.png in Resources */ = {isa = PBXBuildFile; fileRef = 84F45A97AA3D4908A4829385 /* add@2x.png */; };
		B89989313A8B41F78E9A1E90 /* Assets.xcassets in Resources */ = {isa = PBXBuildFile; fileRef = DF962F7F4EA84FF7B4612A86 /* Assets.xcassets */; };
		BD5E3802C7DB48238DB36CF5 /* checked_white@2x.png in Resources */ = {isa = PBXBuildFile; fileRef = 3A65728BE0F741DDB6EA1D17 /* checked_white@2x.png */; };
		BF822F7C0A32499482DBA785 /* icon-72@2x.png in Resources */ = {isa = PBXBuildFile; fileRef = 8A7E46CE00674C559B0BD59E /* icon-72@2x.png */; };
		C45AFFD98E3044B4BC53743E /* unchecked@3x.png in Resources */ = {isa = PBXBuildFile; fileRef = 94E59521ACEC45E3BF766FFD /* unchecked@3x.png */; };
		CD45EE7C18DC2D5800FB50C0 /* app in Resources */ = {isa = PBXBuildFile; fileRef = CD45EE7A18DC2D5800FB50C0 /* app */; };
		CD62955D1BB2678900AE3A93 /* main.m in Sources */ = {isa = PBXBuildFile; fileRef = CD62955C1BB2678900AE3A93 /* main.m */; };
		CEB62B71B43347DD8131A67D /* recent@2x.png in Resources */ = {isa = PBXBuildFile; fileRef = 90DD8F4363F24A9480CC7438 /* recent@2x.png */; };
		CF467E14C09F46B5A02F9040 /* logo_signup@2x.png in Resources */ = {isa = PBXBuildFile; fileRef = 2227CD4EB0EE4CF484F6B230 /* logo_signup@2x.png */; };
		D3FADE15EEF246D2922F880B /* checked@2x.png in Resources */ = {isa = PBXBuildFile; fileRef = 49A4FAC3A21B4AA3A88CB541 /* checked@2x.png */; };
		D4102D36150D445F8C162EEB /* selected@3x.png in Resources */ = {isa = PBXBuildFile; fileRef = EBCCF6C0B0414BEE9E56C92F /* selected@3x.png */; };
		DFF08E2879E440BAB974BA2C /* logo_login@2x.png in Resources */ = {isa = PBXBuildFile; fileRef = F9D4D06CEEAB4321BE8346EA /* logo_login@2x.png */; };
		E1855119B3C6492BA794D9B7 /* menu.png in Resources */ = {isa = PBXBuildFile; fileRef = 93490D6667F4473CB06414FE /* menu.png */; };
		E277D6DAB0544E7C9D116F43 /* selected@2x.png in Resources */ = {isa = PBXBuildFile; fileRef = 2D026F6EC32E4B34BCB74E1E /* selected@2x.png */; };
		E56B7725107B43578AD4500D /* icon-29@2x.png in Resources */ = {isa = PBXBuildFile; fileRef = 82292C02FE264A8AA6380096 /* icon-29@2x.png */; };
		ECE4997ADACE4DC195EC9034 /* delete@3x.png in Resources */ = {isa = PBXBuildFile; fileRef = 4E85491679D24E9F8C201A9E /* delete@3x.png */; };
		F575E38764E14372AFDF0D7C /* icon-76@3x.png in Resources */ = {isa = PBXBuildFile; fileRef = 0D217200B1584D4388F3B99E /* icon-76@3x.png */; };
		FE4CC457BA424FE49CEA494B /* checked_white@3x.png in Resources */ = {isa = PBXBuildFile; fileRef = E48AAAA924D6438FA4AA4A54 /* checked_white@3x.png */; };
/* End PBXBuildFile section */

/* Begin PBXCopyFilesBuildPhase section */
		85F5BDFC1A9363BE006B9701 /* Embed Frameworks */ = {
			isa = PBXCopyFilesBuildPhase;
			buildActionMask = 2147483647;
			dstPath = "";
			dstSubfolderSpec = 10;
			files = (
				5176EA19DE14407ABE4272F9 /* TNSWidgets.framework in Embed Frameworks */,
			);
			name = "Embed Frameworks";
			runOnlyForDeploymentPostprocessing = 0;
		};
/* End PBXCopyFilesBuildPhase section */

/* Begin PBXFileReference section */
		008E38E87DF74735A0522109 /* icon-57@3x.png */ = {isa = PBXFileReference; lastKnownFileType = image.png; name = "icon-57@3x.png"; path = "CarWashApp/Resources/icon-57@3x.png"; sourceTree = "<group>"; };
		0ADBDE35D94B4E77B092A4EA /* icon-29@3x.png */ = {isa = PBXFileReference; lastKnownFileType = image.png; name = "icon-29@3x.png"; path = "CarWashApp/Resources/icon-29@3x.png"; sourceTree = "<group>"; };
		0D217200B1584D4388F3B99E /* icon-76@3x.png */ = {isa = PBXFileReference; lastKnownFileType = image.png; name = "icon-76@3x.png"; path = "CarWashApp/Resources/icon-76@3x.png"; sourceTree = "<group>"; };
		161C48ACAFD1443DAB02495D /* checked@3x.png */ = {isa = PBXFileReference; lastKnownFileType = image.png; name = "checked@3x.png"; path = "CarWashApp/Resources/checked@3x.png"; sourceTree = "<group>"; };
		1800B3DA4C1D4B8296B4FCEC /* delete.png */ = {isa = PBXFileReference; lastKnownFileType = image.png; name = delete.png; path = CarWashApp/Resources/delete.png; sourceTree = "<group>"; };
		184DCF846DB24BC2B45F917C /* menu@2x.png */ = {isa = PBXFileReference; lastKnownFileType = image.png; name = "menu@2x.png"; path = "CarWashApp/Resources/menu@2x.png"; sourceTree = "<group>"; };
		20C39012E0F84CABA101B0DB /* menu@3x.png */ = {isa = PBXFileReference; lastKnownFileType = image.png; name = "menu@3x.png"; path = "CarWashApp/Resources/menu@3x.png"; sourceTree = "<group>"; };
		21937D6390BE46A5B4810A33 /* bg_inner.png */ = {isa = PBXFileReference; lastKnownFileType = image.png; name = bg_inner.png; path = CarWashApp/Resources/bg_inner.png; sourceTree = "<group>"; };
		2227CD4EB0EE4CF484F6B230 /* logo_signup@2x.png */ = {isa = PBXFileReference; lastKnownFileType = image.png; name = "logo_signup@2x.png"; path = "CarWashApp/Resources/logo_signup@2x.png"; sourceTree = "<group>"; };
		25A80F1C93C047CB89FBEA18 /* icon-Small@2x.png */ = {isa = PBXFileReference; lastKnownFileType = image.png; name = "icon-Small@2x.png"; path = "CarWashApp/Resources/icon-Small@2x.png"; sourceTree = "<group>"; };
		2747374245BC4DA7844FA586 /* recent.png */ = {isa = PBXFileReference; lastKnownFileType = image.png; name = recent.png; path = CarWashApp/Resources/recent.png; sourceTree = "<group>"; };
		281F6D23D46B45EFB40754A8 /* icon-40.png */ = {isa = PBXFileReference; lastKnownFileType = image.png; name = "icon-40.png"; path = "CarWashApp/Resources/icon-40.png"; sourceTree = "<group>"; };
		2885E800A15348EDB100B34E /* logo_login@3x.png */ = {isa = PBXFileReference; lastKnownFileType = image.png; name = "logo_login@3x.png"; path = "CarWashApp/Resources/logo_login@3x.png"; sourceTree = "<group>"; };
		28A70F9A73B04F48B031AC02 /* icon.png */ = {isa = PBXFileReference; lastKnownFileType = image.png; name = icon.png; path = CarWashApp/Resources/icon.png; sourceTree = "<group>"; };
		2C18226167B247DDB7040DA4 /* checked.png */ = {isa = PBXFileReference; lastKnownFileType = image.png; name = checked.png; path = CarWashApp/Resources/checked.png; sourceTree = "<group>"; };
		2D026F6EC32E4B34BCB74E1E /* selected@2x.png */ = {isa = PBXFileReference; lastKnownFileType = image.png; name = "selected@2x.png"; path = "CarWashApp/Resources/selected@2x.png"; sourceTree = "<group>"; };
		30018E5C9C564180952DCC69 /* icon-72@3x.png */ = {isa = PBXFileReference; lastKnownFileType = image.png; name = "icon-72@3x.png"; path = "CarWashApp/Resources/icon-72@3x.png"; sourceTree = "<group>"; };
		306FD4BE116C4F8CB1CA8B30 /* recent@3x.png */ = {isa = PBXFileReference; lastKnownFileType = image.png; name = "recent@3x.png"; path = "CarWashApp/Resources/recent@3x.png"; sourceTree = "<group>"; };
		3362F572B9AA480288AE3598 /* unchecked_white@3x.png */ = {isa = PBXFileReference; lastKnownFileType = image.png; name = "unchecked_white@3x.png"; path = "CarWashApp/Resources/unchecked_white@3x.png"; sourceTree = "<group>"; };
		399771B008544D5F8235A296 /* TNSWidgets.framework */ = {isa = PBXFileReference; lastKnownFileType = wrapper.framework; name = TNSWidgets.framework; path = ../../lib/iOS/TNSWidgets.framework; sourceTree = "<group>"; };
		3A65728BE0F741DDB6EA1D17 /* checked_white@2x.png */ = {isa = PBXFileReference; lastKnownFileType = image.png; name = "checked_white@2x.png"; path = "CarWashApp/Resources/checked_white@2x.png"; sourceTree = "<group>"; };
		3CEB0578D280456EA413B308 /* icon-29.png */ = {isa = PBXFileReference; lastKnownFileType = image.png; name = "icon-29.png"; path = "CarWashApp/Resources/icon-29.png"; sourceTree = "<group>"; };
		3D9AC894D6754376A156E971 /* bg_login@2x.png */ = {isa = PBXFileReference; lastKnownFileType = image.png; name = "bg_login@2x.png"; path = "CarWashApp/Resources/bg_login@2x.png"; sourceTree = "<group>"; };
		41C8D828AB8544D48DB699D0 /* icon-60@3x.png */ = {isa = PBXFileReference; lastKnownFileType = image.png; name = "icon-60@3x.png"; path = "CarWashApp/Resources/icon-60@3x.png"; sourceTree = "<group>"; };
		4322AE5909F0481499749B9C /* icon-57@2x.png */ = {isa = PBXFileReference; lastKnownFileType = image.png; name = "icon-57@2x.png"; path = "CarWashApp/Resources/icon-57@2x.png"; sourceTree = "<group>"; };
		49A4FAC3A21B4AA3A88CB541 /* checked@2x.png */ = {isa = PBXFileReference; lastKnownFileType = image.png; name = "checked@2x.png"; path = "CarWashApp/Resources/checked@2x.png"; sourceTree = "<group>"; };
		4E7B8627A3824FABADD33CF6 /* icon-Small.png */ = {isa = PBXFileReference; lastKnownFileType = image.png; name = "icon-Small.png"; path = "CarWashApp/Resources/icon-Small.png"; sourceTree = "<group>"; };
		4E85491679D24E9F8C201A9E /* delete@3x.png */ = {isa = PBXFileReference; lastKnownFileType = image.png; name = "delete@3x.png"; path = "CarWashApp/Resources/delete@3x.png"; sourceTree = "<group>"; };
		50C5FF3287AF4BBF994BC01C /* bg_login.png */ = {isa = PBXFileReference; lastKnownFileType = image.png; name = bg_login.png; path = CarWashApp/Resources/bg_login.png; sourceTree = "<group>"; };
		511F191BCEB74BDCBC0FF7D2 /* nonselected@2x.png */ = {isa = PBXFileReference; lastKnownFileType = image.png; name = "nonselected@2x.png"; path = "CarWashApp/Resources/nonselected@2x.png"; sourceTree = "<group>"; };
		5149758DA4AC43B4B091D202 /* LaunchScreen.storyboard */ = {isa = PBXFileReference; fileEncoding = 4; lastKnownFileType = unknown; name = LaunchScreen.storyboard; path = CarWashApp/Resources/LaunchScreen.storyboard; sourceTree = "<group>"; };
		5E08D38A29D9416D96828DB0 /* bg_inner@2x.png */ = {isa = PBXFileReference; lastKnownFileType = image.png; name = "bg_inner@2x.png"; path = "CarWashApp/Resources/bg_inner@2x.png"; sourceTree = "<group>"; };
		601315E0971941C88C0D3971 /* build.xcconfig */ = {isa = PBXFileReference; fileEncoding = 4; lastKnownFileType = unknown; name = build.xcconfig; path = CarWashApp/Resources/build.xcconfig; sourceTree = "<group>"; };
		60B2185C97DF405EA8570FD3 /* iTunesArtwork@2x.png */ = {isa = PBXFileReference; lastKnownFileType = image.png; name = "iTunesArtwork@2x.png"; path = "CarWashApp/Resources/iTunesArtwork@2x.png"; sourceTree = "<group>"; };
		64C05DBE788E4438B289395B /* nonselected@3x.png */ = {isa = PBXFileReference; lastKnownFileType = image.png; name = "nonselected@3x.png"; path = "CarWashApp/Resources/nonselected@3x.png"; sourceTree = "<group>"; };
		82292C02FE264A8AA6380096 /* icon-29@2x.png */ = {isa = PBXFileReference; lastKnownFileType = image.png; name = "icon-29@2x.png"; path = "CarWashApp/Resources/icon-29@2x.png"; sourceTree = "<group>"; };
		84F45A97AA3D4908A4829385 /* add@2x.png */ = {isa = PBXFileReference; lastKnownFileType = image.png; name = "add@2x.png"; path = "CarWashApp/Resources/add@2x.png"; sourceTree = "<group>"; };
		858B832E18CA111C00AB12DE /* CarWashApp.app */ = {isa = PBXFileReference; explicitFileType = wrapper.application; includeInIndex = 0; path = CarWashApp.app; sourceTree = BUILT_PRODUCTS_DIR; };
		858B833918CA111C00AB12DE /* CarWashApp-Info.plist */ = {isa = PBXFileReference; lastKnownFileType = text.plist.xml; path = "CarWashApp-Info.plist"; sourceTree = "<group>"; };
		858B833B18CA111C00AB12DE /* en */ = {isa = PBXFileReference; lastKnownFileType = text.plist.strings; name = en; path = en.lproj/InfoPlist.strings; sourceTree = "<group>"; };
		858B833F18CA111C00AB12DE /* CarWashApp-Prefix.pch */ = {isa = PBXFileReference; lastKnownFileType = sourcecode.c.h; path = "CarWashApp-Prefix.pch"; sourceTree = "<group>"; };
		858B843318CA22B800AB12DE /* CarWashApp.app */ = {isa = PBXFileReference; explicitFileType = wrapper.application; includeInIndex = 0; path = CarWashApp.app; sourceTree = BUILT_PRODUCTS_DIR; };
		87052F63ED194C71AE5DA305 /* iTunesArtwork.png */ = {isa = PBXFileReference; lastKnownFileType = image.png; name = iTunesArtwork.png; path = CarWashApp/Resources/iTunesArtwork.png; sourceTree = "<group>"; };
		8A7E46CE00674C559B0BD59E /* icon-72@2x.png */ = {isa = PBXFileReference; lastKnownFileType = image.png; name = "icon-72@2x.png"; path = "CarWashApp/Resources/icon-72@2x.png"; sourceTree = "<group>"; };
		90CDC1BBD60B48D8AEFF88BD /* icon-76@2x.png */ = {isa = PBXFileReference; lastKnownFileType = image.png; name = "icon-76@2x.png"; path = "CarWashApp/Resources/icon-76@2x.png"; sourceTree = "<group>"; };
		90DD8F4363F24A9480CC7438 /* recent@2x.png */ = {isa = PBXFileReference; lastKnownFileType = image.png; name = "recent@2x.png"; path = "CarWashApp/Resources/recent@2x.png"; sourceTree = "<group>"; };
		91CCE4C2D3D34B5B8D92B509 /* icon-83.5@2x.png */ = {isa = PBXFileReference; lastKnownFileType = image.png; name = "icon-83.5@2x.png"; path = "CarWashApp/Resources/icon-83.5@2x.png"; sourceTree = "<group>"; };
		93490D6667F4473CB06414FE /* menu.png */ = {isa = PBXFileReference; lastKnownFileType = image.png; name = menu.png; path = CarWashApp/Resources/menu.png; sourceTree = "<group>"; };
		94E59521ACEC45E3BF766FFD /* unchecked@3x.png */ = {isa = PBXFileReference; lastKnownFileType = image.png; name = "unchecked@3x.png"; path = "CarWashApp/Resources/unchecked@3x.png"; sourceTree = "<group>"; };
		9921725D3207451B9C7A06E8 /* unchecked.png */ = {isa = PBXFileReference; lastKnownFileType = image.png; name = unchecked.png; path = CarWashApp/Resources/unchecked.png; sourceTree = "<group>"; };
		9F3B46F7AF094BA49BD645CA /* icon-40@2x.png */ = {isa = PBXFileReference; lastKnownFileType = image.png; name = "icon-40@2x.png"; path = "CarWashApp/Resources/icon-40@2x.png"; sourceTree = "<group>"; };
		A91CDB1600BD4958AE413255 /* nonselected.png */ = {isa = PBXFileReference; lastKnownFileType = image.png; name = nonselected.png; path = CarWashApp/Resources/nonselected.png; sourceTree = "<group>"; };
		AEF87BD1E27044F9B30F04D3 /* logo_login.png */ = {isa = PBXFileReference; lastKnownFileType = image.png; name = logo_login.png; path = CarWashApp/Resources/logo_login.png; sourceTree = "<group>"; };
		B0BE9FA8CC8349C79AA25323 /* icon-120.png */ = {isa = PBXFileReference; lastKnownFileType = image.png; name = "icon-120.png"; path = "CarWashApp/Resources/icon-120.png"; sourceTree = "<group>"; };
		B688B8A6917944E6B35565C3 /* icon-57.png */ = {isa = PBXFileReference; lastKnownFileType = image.png; name = "icon-57.png"; path = "CarWashApp/Resources/icon-57.png"; sourceTree = "<group>"; };
		B913AAAC0F204398B746FC54 /* unchecked_white@2x.png */ = {isa = PBXFileReference; lastKnownFileType = image.png; name = "unchecked_white@2x.png"; path = "CarWashApp/Resources/unchecked_white@2x.png"; sourceTree = "<group>"; };
		BA8F5FCEE2904A8D8DF6D4C2 /* add@3x.png */ = {isa = PBXFileReference; lastKnownFileType = image.png; name = "add@3x.png"; path = "CarWashApp/Resources/add@3x.png"; sourceTree = "<group>"; };
		BC6BC2D571E7450ABA97B085 /* icon-60@2x.png */ = {isa = PBXFileReference; lastKnownFileType = image.png; name = "icon-60@2x.png"; path = "CarWashApp/Resources/icon-60@2x.png"; sourceTree = "<group>"; };
		BF164CD174CB44D3BF656749 /* selected.png */ = {isa = PBXFileReference; lastKnownFileType = image.png; name = selected.png; path = CarWashApp/Resources/selected.png; sourceTree = "<group>"; };
		C86532CD4CC34A599A2FDBAD /* delete@2x.png */ = {isa = PBXFileReference; lastKnownFileType = image.png; name = "delete@2x.png"; path = "CarWashApp/Resources/delete@2x.png"; sourceTree = "<group>"; };
		CD45EE7A18DC2D5800FB50C0 /* app */ = {isa = PBXFileReference; lastKnownFileType = folder; path = app; sourceTree = "<group>"; };
		CD62955C1BB2678900AE3A93 /* main.m */ = {isa = PBXFileReference; fileEncoding = 4; lastKnownFileType = sourcecode.c.objc; name = main.m; path = internal/main.m; sourceTree = SOURCE_ROOT; };
		CDD59A261BB43B5D00EC2671 /* build-debug.xcconfig */ = {isa = PBXFileReference; fileEncoding = 4; lastKnownFileType = text.xcconfig; path = "build-debug.xcconfig"; sourceTree = "<group>"; };
		CDD59A271BB43B5D00EC2671 /* build-release.xcconfig */ = {isa = PBXFileReference; fileEncoding = 4; lastKnownFileType = text.xcconfig; path = "build-release.xcconfig"; sourceTree = "<group>"; };
		CDF4743E1BA4855C0087EA85 /* build.xcconfig */ = {isa = PBXFileReference; fileEncoding = 4; lastKnownFileType = text.xcconfig; path = build.xcconfig; sourceTree = "<group>"; };
		D2371CC098B54D2CB8137B92 /* logo_signup@3x.png */ = {isa = PBXFileReference; lastKnownFileType = image.png; name = "logo_signup@3x.png"; path = "CarWashApp/Resources/logo_signup@3x.png"; sourceTree = "<group>"; };
		D6BBE44D68EB4D28BD94A2C3 /* logo_signup.png */ = {isa = PBXFileReference; lastKnownFileType = image.png; name = logo_signup.png; path = CarWashApp/Resources/logo_signup.png; sourceTree = "<group>"; };
		D83CCEA4E96542C3A9D1FA00 /* icon-Small@3x.png */ = {isa = PBXFileReference; lastKnownFileType = image.png; name = "icon-Small@3x.png"; path = "CarWashApp/Resources/icon-Small@3x.png"; sourceTree = "<group>"; };
		D87F020867654A6699884AC7 /* icon-60.png */ = {isa = PBXFileReference; lastKnownFileType = image.png; name = "icon-60.png"; path = "CarWashApp/Resources/icon-60.png"; sourceTree = "<group>"; };
		DDC18EFD45BC4A1F991E9A25 /* bg_login@3x.png */ = {isa = PBXFileReference; lastKnownFileType = image.png; name = "bg_login@3x.png"; path = "CarWashApp/Resources/bg_login@3x.png"; sourceTree = "<group>"; };
		DF962F7F4EA84FF7B4612A86 /* Assets.xcassets */ = {isa = PBXFileReference; fileEncoding = 4; lastKnownFileType = unknown; name = Assets.xcassets; path = CarWashApp/Resources/Assets.xcassets; sourceTree = "<group>"; };
		E0B357D8B3174E018E03DD73 /* icon-76.png */ = {isa = PBXFileReference; lastKnownFileType = image.png; name = "icon-76.png"; path = "CarWashApp/Resources/icon-76.png"; sourceTree = "<group>"; };
		E1FDCFADDC444EBA98409C34 /* icon-72.png */ = {isa = PBXFileReference; lastKnownFileType = image.png; name = "icon-72.png"; path = "CarWashApp/Resources/icon-72.png"; sourceTree = "<group>"; };
		E48AAAA924D6438FA4AA4A54 /* checked_white@3x.png */ = {isa = PBXFileReference; lastKnownFileType = image.png; name = "checked_white@3x.png"; path = "CarWashApp/Resources/checked_white@3x.png"; sourceTree = "<group>"; };
		E514679D801848A88C94A264 /* icon-40@3x.png */ = {isa = PBXFileReference; lastKnownFileType = image.png; name = "icon-40@3x.png"; path = "CarWashApp/Resources/icon-40@3x.png"; sourceTree = "<group>"; };
		E986B0C68CE846619CD54779 /* add.png */ = {isa = PBXFileReference; lastKnownFileType = image.png; name = add.png; path = CarWashApp/Resources/add.png; sourceTree = "<group>"; };
		EB741337C0B14CFAB67DD001 /* unchecked_white.png */ = {isa = PBXFileReference; lastKnownFileType = image.png; name = unchecked_white.png; path = CarWashApp/Resources/unchecked_white.png; sourceTree = "<group>"; };
		EBCCF6C0B0414BEE9E56C92F /* selected@3x.png */ = {isa = PBXFileReference; lastKnownFileType = image.png; name = "selected@3x.png"; path = "CarWashApp/Resources/selected@3x.png"; sourceTree = "<group>"; };
		EDC1EFF718C273136D28669E /* Pods_CarWashApp.framework */ = {isa = PBXFileReference; explicitFileType = wrapper.framework; includeInIndex = 0; path = Pods_CarWashApp.framework; sourceTree = BUILT_PRODUCTS_DIR; };
		EF73BFBE3E764D839A8DDA71 /* unchecked@2x.png */ = {isa = PBXFileReference; lastKnownFileType = image.png; name = "unchecked@2x.png"; path = "CarWashApp/Resources/unchecked@2x.png"; sourceTree = "<group>"; };
		F18074D7C89D4B7AA4E808D6 /* checked_white.png */ = {isa = PBXFileReference; lastKnownFileType = image.png; name = checked_white.png; path = CarWashApp/Resources/checked_white.png; sourceTree = "<group>"; };
		F63FDC007EB54BA6BEA37806 /* bg_inner@3x.png */ = {isa = PBXFileReference; lastKnownFileType = image.png; name = "bg_inner@3x.png"; path = "CarWashApp/Resources/bg_inner@3x.png"; sourceTree = "<group>"; };
		F9D4D06CEEAB4321BE8346EA /* logo_login@2x.png */ = {isa = PBXFileReference; lastKnownFileType = image.png; name = "logo_login@2x.png"; path = "CarWashApp/Resources/logo_login@2x.png"; sourceTree = "<group>"; };
/* End PBXFileReference section */

/* Begin PBXFrameworksBuildPhase section */
		858B83F418CA22B800AB12DE /* Frameworks */ = {
			isa = PBXFrameworksBuildPhase;
			buildActionMask = 2147483647;
			files = (
				14F04F90C3A044B8A403A941 /* TNSWidgets.framework in Frameworks */,
				4506808FFCD9430162FA3B90 /* Pods_CarWashApp.framework in Frameworks */,
			);
			runOnlyForDeploymentPostprocessing = 0;
		};
/* End PBXFrameworksBuildPhase section */

/* Begin PBXGroup section */
		3EB1D3C0FA37F4093E08412A /* Pods */ = {
			isa = PBXGroup;
			children = (
			);
			name = Pods;
			sourceTree = "<group>";
		};
		858B832518CA111C00AB12DE = {
			isa = PBXGroup;
			children = (
				E070579D1B39A9D000214BF1 /* Resources */,
				858B833718CA111C00AB12DE /* CarWashApp */,
				858B833018CA111C00AB12DE /* Frameworks */,
				858B832F18CA111C00AB12DE /* Products */,
				3EB1D3C0FA37F4093E08412A /* Pods */,
			);
			sourceTree = "<group>";
		};
		858B832F18CA111C00AB12DE /* Products */ = {
			isa = PBXGroup;
			children = (
				858B832E18CA111C00AB12DE /* CarWashApp.app */,
				858B843318CA22B800AB12DE /* CarWashApp.app */,
			);
			name = Products;
			sourceTree = "<group>";
		};
		858B833018CA111C00AB12DE /* Frameworks */ = {
			isa = PBXGroup;
			children = (
				399771B008544D5F8235A296 /* TNSWidgets.framework */,
				EDC1EFF718C273136D28669E /* Pods_CarWashApp.framework */,
			);
			name = Frameworks;
			sourceTree = "<group>";
		};
		858B833718CA111C00AB12DE /* CarWashApp */ = {
			isa = PBXGroup;
			children = (
				CD45EE7A18DC2D5800FB50C0 /* app */,
				858B833818CA111C00AB12DE /* Supporting Files */,
			);
			path = CarWashApp;
			sourceTree = "<group>";
		};
		858B833818CA111C00AB12DE /* Supporting Files */ = {
			isa = PBXGroup;
			children = (
				CDF4743E1BA4855C0087EA85 /* build.xcconfig */,
				CDD59A261BB43B5D00EC2671 /* build-debug.xcconfig */,
				CDD59A271BB43B5D00EC2671 /* build-release.xcconfig */,
				858B833918CA111C00AB12DE /* CarWashApp-Info.plist */,
				858B833A18CA111C00AB12DE /* InfoPlist.strings */,
				CD62955C1BB2678900AE3A93 /* main.m */,
				858B833F18CA111C00AB12DE /* CarWashApp-Prefix.pch */,
			);
			name = "Supporting Files";
			sourceTree = "<group>";
		};
		E070579D1B39A9D000214BF1 /* Resources */ = {
			isa = PBXGroup;
			children = (
				DF962F7F4EA84FF7B4612A86 /* Assets.xcassets */,
				5149758DA4AC43B4B091D202 /* LaunchScreen.storyboard */,
				E986B0C68CE846619CD54779 /* add.png */,
				84F45A97AA3D4908A4829385 /* add@2x.png */,
				BA8F5FCEE2904A8D8DF6D4C2 /* add@3x.png */,
				21937D6390BE46A5B4810A33 /* bg_inner.png */,
				5E08D38A29D9416D96828DB0 /* bg_inner@2x.png */,
				F63FDC007EB54BA6BEA37806 /* bg_inner@3x.png */,
				50C5FF3287AF4BBF994BC01C /* bg_login.png */,
				3D9AC894D6754376A156E971 /* bg_login@2x.png */,
				DDC18EFD45BC4A1F991E9A25 /* bg_login@3x.png */,
				601315E0971941C88C0D3971 /* build.xcconfig */,
				2C18226167B247DDB7040DA4 /* checked.png */,
				49A4FAC3A21B4AA3A88CB541 /* checked@2x.png */,
				161C48ACAFD1443DAB02495D /* checked@3x.png */,
				F18074D7C89D4B7AA4E808D6 /* checked_white.png */,
				3A65728BE0F741DDB6EA1D17 /* checked_white@2x.png */,
				E48AAAA924D6438FA4AA4A54 /* checked_white@3x.png */,
				1800B3DA4C1D4B8296B4FCEC /* delete.png */,
				C86532CD4CC34A599A2FDBAD /* delete@2x.png */,
				4E85491679D24E9F8C201A9E /* delete@3x.png */,
				87052F63ED194C71AE5DA305 /* iTunesArtwork.png */,
				60B2185C97DF405EA8570FD3 /* iTunesArtwork@2x.png */,
				B0BE9FA8CC8349C79AA25323 /* icon-120.png */,
				3CEB0578D280456EA413B308 /* icon-29.png */,
				82292C02FE264A8AA6380096 /* icon-29@2x.png */,
				0ADBDE35D94B4E77B092A4EA /* icon-29@3x.png */,
				281F6D23D46B45EFB40754A8 /* icon-40.png */,
				9F3B46F7AF094BA49BD645CA /* icon-40@2x.png */,
				E514679D801848A88C94A264 /* icon-40@3x.png */,
				B688B8A6917944E6B35565C3 /* icon-57.png */,
				4322AE5909F0481499749B9C /* icon-57@2x.png */,
				008E38E87DF74735A0522109 /* icon-57@3x.png */,
				D87F020867654A6699884AC7 /* icon-60.png */,
				BC6BC2D571E7450ABA97B085 /* icon-60@2x.png */,
				41C8D828AB8544D48DB699D0 /* icon-60@3x.png */,
				E1FDCFADDC444EBA98409C34 /* icon-72.png */,
				8A7E46CE00674C559B0BD59E /* icon-72@2x.png */,
				30018E5C9C564180952DCC69 /* icon-72@3x.png */,
				E0B357D8B3174E018E03DD73 /* icon-76.png */,
				90CDC1BBD60B48D8AEFF88BD /* icon-76@2x.png */,
				0D217200B1584D4388F3B99E /* icon-76@3x.png */,
				91CCE4C2D3D34B5B8D92B509 /* icon-83.5@2x.png */,
				4E7B8627A3824FABADD33CF6 /* icon-Small.png */,
				25A80F1C93C047CB89FBEA18 /* icon-Small@2x.png */,
				D83CCEA4E96542C3A9D1FA00 /* icon-Small@3x.png */,
				28A70F9A73B04F48B031AC02 /* icon.png */,
				AEF87BD1E27044F9B30F04D3 /* logo_login.png */,
				F9D4D06CEEAB4321BE8346EA /* logo_login@2x.png */,
				2885E800A15348EDB100B34E /* logo_login@3x.png */,
				D6BBE44D68EB4D28BD94A2C3 /* logo_signup.png */,
				2227CD4EB0EE4CF484F6B230 /* logo_signup@2x.png */,
				D2371CC098B54D2CB8137B92 /* logo_signup@3x.png */,
				93490D6667F4473CB06414FE /* menu.png */,
				184DCF846DB24BC2B45F917C /* menu@2x.png */,
				20C39012E0F84CABA101B0DB /* menu@3x.png */,
				A91CDB1600BD4958AE413255 /* nonselected.png */,
				511F191BCEB74BDCBC0FF7D2 /* nonselected@2x.png */,
				64C05DBE788E4438B289395B /* nonselected@3x.png */,
				2747374245BC4DA7844FA586 /* recent.png */,
				90DD8F4363F24A9480CC7438 /* recent@2x.png */,
				306FD4BE116C4F8CB1CA8B30 /* recent@3x.png */,
				BF164CD174CB44D3BF656749 /* selected.png */,
				2D026F6EC32E4B34BCB74E1E /* selected@2x.png */,
				EBCCF6C0B0414BEE9E56C92F /* selected@3x.png */,
				9921725D3207451B9C7A06E8 /* unchecked.png */,
				EF73BFBE3E764D839A8DDA71 /* unchecked@2x.png */,
				94E59521ACEC45E3BF766FFD /* unchecked@3x.png */,
				EB741337C0B14CFAB67DD001 /* unchecked_white.png */,
				B913AAAC0F204398B746FC54 /* unchecked_white@2x.png */,
				3362F572B9AA480288AE3598 /* unchecked_white@3x.png */,
			);
			name = Resources;
			sourceTree = "<group>";
		};
/* End PBXGroup section */

/* Begin PBXNativeTarget section */
		858B83EF18CA22B800AB12DE /* CarWashApp */ = {
			isa = PBXNativeTarget;
			buildConfigurationList = 858B843018CA22B800AB12DE /* Build configuration list for PBXNativeTarget "CarWashApp" */;
			buildPhases = (
				C6A7A9D89CD50DE1994118ED /* [CP] Check Pods Manifest.lock */,
				C97FD7AC1ADE5369004DB2A4 /* NativeScript PreBuild */,
				858B83F218CA22B800AB12DE /* Sources */,
				CD62955B1BB2651D00AE3A93 /* NativeScript PreLink */,
				858B83F418CA22B800AB12DE /* Frameworks */,
				858B842C18CA22B800AB12DE /* Resources */,
				85F5BDFC1A9363BE006B9701 /* Embed Frameworks */,
				CD3EAD351B05FF060042DBFC /* NativeScript PostBuild */,
				10CF2457B8EADBF55569047D /* [CP] Embed Pods Frameworks */,
				4C64633CDE97BA44FE46A0B6 /* [CP] Copy Pods Resources */,
			);
			buildRules = (
			);
			dependencies = (
			);
			name = CarWashApp;
			productName = JDBridgeApp;
			productReference = 858B843318CA22B800AB12DE /* CarWashApp.app */;
			productType = "com.apple.product-type.application";
		};
/* End PBXNativeTarget section */

/* Begin PBXProject section */
		858B832618CA111C00AB12DE /* Project object */ = {
			isa = PBXProject;
			attributes = {
				CLASSPREFIX = TNS;
				LastUpgradeCheck = 500;
				ORGANIZATIONNAME = Telerik;
			};
			buildConfigurationList = 858B832918CA111C00AB12DE /* Build configuration list for PBXProject "CarWashApp" */;
			compatibilityVersion = "Xcode 3.2";
			developmentRegion = English;
			hasScannedForEncodings = 0;
			knownRegions = (
				en,
			);
			mainGroup = 858B832518CA111C00AB12DE;
			productRefGroup = 858B832F18CA111C00AB12DE /* Products */;
			projectDirPath = "";
			projectRoot = "";
			targets = (
				858B83EF18CA22B800AB12DE /* CarWashApp */,
			);
		};
/* End PBXProject section */

/* Begin PBXResourcesBuildPhase section */
		858B842C18CA22B800AB12DE /* Resources */ = {
			isa = PBXResourcesBuildPhase;
			buildActionMask = 2147483647;
			files = (
				CD45EE7C18DC2D5800FB50C0 /* app in Resources */,
				858B842D18CA22B800AB12DE /* InfoPlist.strings in Resources */,
				B89989313A8B41F78E9A1E90 /* Assets.xcassets in Resources */,
				0C844E1DB46F44458F332774 /* LaunchScreen.storyboard in Resources */,
				97C4C17B20494DAA9DCA7167 /* add.png in Resources */,
				B3722E2DE3954E70BF1E740E /* add@2x.png in Resources */,
				924147BB69004FE4A396CB5B /* add@3x.png in Resources */,
				514216516421490D866A335E /* bg_inner.png in Resources */,
				020D49FDE649458698BD1ADD /* bg_inner@2x.png in Resources */,
				3E22FC0EBD084B168A19F44C /* bg_inner@3x.png in Resources */,
				A5D3B2435A574597B18CFF75 /* bg_login.png in Resources */,
				2919165CFD5C40559418B31D /* bg_login@2x.png in Resources */,
				956BAC2E6F2A4A7B92C79646 /* bg_login@3x.png in Resources */,
				AB406781D335493FAF8AB496 /* build.xcconfig in Resources */,
				43C731374FA94A22B558160D /* checked.png in Resources */,
				D3FADE15EEF246D2922F880B /* checked@2x.png in Resources */,
				2FBD12C8F1CA4FA2826563F0 /* checked@3x.png in Resources */,
				9A96AB35B9C547298A82BBA2 /* checked_white.png in Resources */,
				BD5E3802C7DB48238DB36CF5 /* checked_white@2x.png in Resources */,
				FE4CC457BA424FE49CEA494B /* checked_white@3x.png in Resources */,
				72637517F07B48DCABB89506 /* delete.png in Resources */,
				602F704A37854536B67DA3C3 /* delete@2x.png in Resources */,
				ECE4997ADACE4DC195EC9034 /* delete@3x.png in Resources */,
				6DDA194D7C8F48EEBD5100D5 /* iTunesArtwork.png in Resources */,
				48D4A76BF4B04168948EF1CF /* iTunesArtwork@2x.png in Resources */,
				9375D06785C2454B9DAEB0F4 /* icon-120.png in Resources */,
				4A0CF040E7A042FA9FC2802C /* icon-29.png in Resources */,
				E56B7725107B43578AD4500D /* icon-29@2x.png in Resources */,
				4911BE4C074C41259630FC9C /* icon-29@3x.png in Resources */,
				49BFEB683116409C9A5C62F5 /* icon-40.png in Resources */,
				0A284FD743E84956978CEAEC /* icon-40@2x.png in Resources */,
				3A36D60E7CFA46DFB8E5F063 /* icon-40@3x.png in Resources */,
				19FAB50325BF4F59ACD45001 /* icon-57.png in Resources */,
				134E4B24824D41028FB9E03C /* icon-57@2x.png in Resources */,
				57F76C9AAC5F4F329D513772 /* icon-57@3x.png in Resources */,
				A0D90C1413974B5BBAF4D914 /* icon-60.png in Resources */,
				32F714C16B1942009574C886 /* icon-60@2x.png in Resources */,
				83A67FE557314B89844E6A30 /* icon-60@3x.png in Resources */,
				8F4559399A894FE6A28859EA /* icon-72.png in Resources */,
				BF822F7C0A32499482DBA785 /* icon-72@2x.png in Resources */,
				6B4F1C0ACD4341EAA0151EDB /* icon-72@3x.png in Resources */,
				8EAB0970D5BE462CBB05B75F /* icon-76.png in Resources */,
				3AA2A0DAF1CA4DF5B6AF7592 /* icon-76@2x.png in Resources */,
				F575E38764E14372AFDF0D7C /* icon-76@3x.png in Resources */,
				4F207001B1FF4A8A9F7CA139 /* icon-83.5@2x.png in Resources */,
				50AC8F7CD1B042CB89A30299 /* icon-Small.png in Resources */,
				77FBCE67339049AE85569984 /* icon-Small@2x.png in Resources */,
				2D32423073EE46B195CBE9EE /* icon-Small@3x.png in Resources */,
				8A98B32682B347D48C194585 /* icon.png in Resources */,
				2C5894259E3A4A8F832D524E /* logo_login.png in Resources */,
				DFF08E2879E440BAB974BA2C /* logo_login@2x.png in Resources */,
				26F27B80C204426E85C19975 /* logo_login@3x.png in Resources */,
				6D5520209D2947DB8A82A62A /* logo_signup.png in Resources */,
				CF467E14C09F46B5A02F9040 /* logo_signup@2x.png in Resources */,
				36D9BF0E189B4D12A6DDA3B9 /* logo_signup@3x.png in Resources */,
				E1855119B3C6492BA794D9B7 /* menu.png in Resources */,
				86C38877EBFE4D8AB9FB4021 /* menu@2x.png in Resources */,
				503D8E11AB5242BD826FB1AF /* menu@3x.png in Resources */,
				411DD9918DAE49ED8E47EB57 /* nonselected.png in Resources */,
				62C0DAF7E6D94AA08C051942 /* nonselected@2x.png in Resources */,
				26506097588D4B1E97D3C825 /* nonselected@3x.png in Resources */,
				7B4D07736A2A4DC3A8494BC8 /* recent.png in Resources */,
				CEB62B71B43347DD8131A67D /* recent@2x.png in Resources */,
				2CF0D80AE58740F684865C85 /* recent@3x.png in Resources */,
				41305B40E1B84878BCE873DE /* selected.png in Resources */,
				E277D6DAB0544E7C9D116F43 /* selected@2x.png in Resources */,
				D4102D36150D445F8C162EEB /* selected@3x.png in Resources */,
				469053A7FFD94668B64ED265 /* unchecked.png in Resources */,
				284DE5A451C74F119564BFED /* unchecked@2x.png in Resources */,
				C45AFFD98E3044B4BC53743E /* unchecked@3x.png in Resources */,
				40A4B178852F46969CE7365F /* unchecked_white.png in Resources */,
				42EE53A61D8C429AA898F4D1 /* unchecked_white@2x.png in Resources */,
				4F08A3B39DDA40BABFFB9E60 /* unchecked_white@3x.png in Resources */,
			);
			runOnlyForDeploymentPostprocessing = 0;
		};
/* End PBXResourcesBuildPhase section */

/* Begin PBXShellScriptBuildPhase section */
		10CF2457B8EADBF55569047D /* [CP] Embed Pods Frameworks */ = {
			isa = PBXShellScriptBuildPhase;
			buildActionMask = 2147483647;
			files = (
			);
			inputPaths = (
			);
			name = "[CP] Embed Pods Frameworks";
			outputPaths = (
			);
			runOnlyForDeploymentPostprocessing = 0;
			shellPath = /bin/sh;
			shellScript = "\"${SRCROOT}/Pods/Target Support Files/Pods-CarWashApp/Pods-CarWashApp-frameworks.sh\"\n";
			showEnvVarsInLog = 0;
		};
		4C64633CDE97BA44FE46A0B6 /* [CP] Copy Pods Resources */ = {
			isa = PBXShellScriptBuildPhase;
			buildActionMask = 2147483647;
			files = (
			);
			inputPaths = (
			);
			name = "[CP] Copy Pods Resources";
			outputPaths = (
			);
			runOnlyForDeploymentPostprocessing = 0;
			shellPath = /bin/sh;
			shellScript = "\"${SRCROOT}/Pods/Target Support Files/Pods-CarWashApp/Pods-CarWashApp-resources.sh\"\n";
			showEnvVarsInLog = 0;
		};
		C6A7A9D89CD50DE1994118ED /* [CP] Check Pods Manifest.lock */ = {
			isa = PBXShellScriptBuildPhase;
			buildActionMask = 2147483647;
			files = (
			);
			inputPaths = (
			);
			name = "[CP] Check Pods Manifest.lock";
			outputPaths = (
			);
			runOnlyForDeploymentPostprocessing = 0;
			shellPath = /bin/sh;
			shellScript = "diff \"${PODS_ROOT}/../Podfile.lock\" \"${PODS_ROOT}/Manifest.lock\" > /dev/null\nif [ $? != 0 ] ; then\n    # print error to STDERR\n    echo \"error: The sandbox is not in sync with the Podfile.lock. Run 'pod install' or update your CocoaPods installation.\" >&2\n    exit 1\nfi\n";
			showEnvVarsInLog = 0;
		};
		C97FD7AC1ADE5369004DB2A4 /* NativeScript PreBuild */ = {
			isa = PBXShellScriptBuildPhase;
			buildActionMask = 2147483647;
			files = (
			);
			inputPaths = (
			);
			name = "NativeScript PreBuild";
			outputPaths = (
			);
			runOnlyForDeploymentPostprocessing = 0;
			shellPath = /bin/sh;
			shellScript = "\"$SRCROOT/internal/nativescript-pre-build\"";
			showEnvVarsInLog = 0;
		};
		CD3EAD351B05FF060042DBFC /* NativeScript PostBuild */ = {
			isa = PBXShellScriptBuildPhase;
			buildActionMask = 2147483647;
			files = (
			);
			inputPaths = (
			);
			name = "NativeScript PostBuild";
			outputPaths = (
			);
			runOnlyForDeploymentPostprocessing = 0;
			shellPath = /bin/sh;
			shellScript = "\"$SRCROOT/internal/nativescript-post-build\"";
			showEnvVarsInLog = 0;
		};
		CD62955B1BB2651D00AE3A93 /* NativeScript PreLink */ = {
			isa = PBXShellScriptBuildPhase;
			buildActionMask = 2147483647;
			files = (
			);
			inputPaths = (
			);
			name = "NativeScript PreLink";
			outputPaths = (
			);
			runOnlyForDeploymentPostprocessing = 0;
			shellPath = /bin/sh;
			shellScript = "\"$SRCROOT/internal/nativescript-pre-link\"";
			showEnvVarsInLog = 0;
		};
/* End PBXShellScriptBuildPhase section */

/* Begin PBXSourcesBuildPhase section */
		858B83F218CA22B800AB12DE /* Sources */ = {
			isa = PBXSourcesBuildPhase;
			buildActionMask = 2147483647;
			files = (
				CD62955D1BB2678900AE3A93 /* main.m in Sources */,
			);
			runOnlyForDeploymentPostprocessing = 0;
		};
/* End PBXSourcesBuildPhase section */

/* Begin PBXVariantGroup section */
		858B833A18CA111C00AB12DE /* InfoPlist.strings */ = {
			isa = PBXVariantGroup;
			children = (
				858B833B18CA111C00AB12DE /* en */,
			);
			name = InfoPlist.strings;
			sourceTree = "<group>";
		};
/* End PBXVariantGroup section */

/* Begin XCBuildConfiguration section */
		858B835818CA111C00AB12DE /* Debug */ = {
			isa = XCBuildConfiguration;
			buildSettings = {
				ALWAYS_SEARCH_USER_PATHS = NO;
				ARCHS = "$(ARCHS_STANDARD)";
				CLANG_CXX_LANGUAGE_STANDARD = "gnu++0x";
				CLANG_CXX_LIBRARY = "libc++";
				CLANG_ENABLE_MODULES = YES;
				CLANG_ENABLE_OBJC_ARC = YES;
				CLANG_WARN_BOOL_CONVERSION = YES;
				CLANG_WARN_CONSTANT_CONVERSION = YES;
				CLANG_WARN_DIRECT_OBJC_ISA_USAGE = YES_ERROR;
				CLANG_WARN_EMPTY_BODY = YES;
				CLANG_WARN_ENUM_CONVERSION = YES;
				CLANG_WARN_INT_CONVERSION = YES;
				CLANG_WARN_OBJC_ROOT_CLASS = YES_ERROR;
				CLANG_WARN__DUPLICATE_METHOD_MATCH = YES;
				"CODE_SIGN_IDENTITY[sdk=iphoneos*]" = "iPhone Developer";
				COPY_PHASE_STRIP = NO;
				GCC_C_LANGUAGE_STANDARD = gnu99;
				GCC_DYNAMIC_NO_PIC = NO;
				GCC_OPTIMIZATION_LEVEL = 0;
				GCC_SYMBOLS_PRIVATE_EXTERN = NO;
				GCC_WARN_64_TO_32_BIT_CONVERSION = YES;
				GCC_WARN_ABOUT_RETURN_TYPE = YES_ERROR;
				GCC_WARN_UNDECLARED_SELECTOR = YES;
				GCC_WARN_UNINITIALIZED_AUTOS = YES;
				GCC_WARN_UNUSED_FUNCTION = YES;
				GCC_WARN_UNUSED_VARIABLE = YES;
				IPHONEOS_DEPLOYMENT_TARGET = 8.0;
				ONLY_ACTIVE_ARCH = YES;
				SDKROOT = iphoneos;
				TARGETED_DEVICE_FAMILY = "1,2";
				VALID_ARCHS = "armv7 arm64";
			};
			name = Debug;
		};
		858B835918CA111C00AB12DE /* Release */ = {
			isa = XCBuildConfiguration;
			buildSettings = {
				ALWAYS_SEARCH_USER_PATHS = NO;
				ARCHS = "$(ARCHS_STANDARD)";
				CLANG_CXX_LANGUAGE_STANDARD = "gnu++0x";
				CLANG_CXX_LIBRARY = "libc++";
				CLANG_ENABLE_MODULES = YES;
				CLANG_ENABLE_OBJC_ARC = YES;
				CLANG_WARN_BOOL_CONVERSION = YES;
				CLANG_WARN_CONSTANT_CONVERSION = YES;
				CLANG_WARN_DIRECT_OBJC_ISA_USAGE = YES_ERROR;
				CLANG_WARN_EMPTY_BODY = YES;
				CLANG_WARN_ENUM_CONVERSION = YES;
				CLANG_WARN_INT_CONVERSION = YES;
				CLANG_WARN_OBJC_ROOT_CLASS = YES_ERROR;
				CLANG_WARN__DUPLICATE_METHOD_MATCH = YES;
				"CODE_SIGN_IDENTITY[sdk=iphoneos*]" = "iPhone Developer";
				COPY_PHASE_STRIP = YES;
				ENABLE_NS_ASSERTIONS = NO;
				GCC_C_LANGUAGE_STANDARD = gnu99;
				GCC_WARN_64_TO_32_BIT_CONVERSION = YES;
				GCC_WARN_ABOUT_RETURN_TYPE = YES_ERROR;
				GCC_WARN_UNDECLARED_SELECTOR = YES;
				GCC_WARN_UNINITIALIZED_AUTOS = YES;
				GCC_WARN_UNUSED_FUNCTION = YES;
				GCC_WARN_UNUSED_VARIABLE = YES;
				IPHONEOS_DEPLOYMENT_TARGET = 8.0;
				SDKROOT = iphoneos;
				TARGETED_DEVICE_FAMILY = "1,2";
				VALIDATE_PRODUCT = YES;
				VALID_ARCHS = "armv7 arm64";
			};
			name = Release;
		};
		858B843118CA22B800AB12DE /* Debug */ = {
			isa = XCBuildConfiguration;
			baseConfigurationReference = CDD59A261BB43B5D00EC2671 /* build-debug.xcconfig */;
			buildSettings = {
				ARCHS = "$(ARCHS_STANDARD)";
				CLANG_ENABLE_MODULES = NO;
				CLANG_MODULES_AUTOLINK = NO;
				ENABLE_BITCODE = NO;
				FRAMEWORK_SEARCH_PATHS = (
					"$(inherited)",
					"\"../../lib/iOS\"",
				);
				GCC_PRECOMPILE_PREFIX_HEADER = YES;
				GCC_PREFIX_HEADER = "CarWashApp/CarWashApp-Prefix.pch";
				GCC_PREPROCESSOR_DEFINITIONS = (
					"$(inherited)",
					"DEBUG=1",
				);
				INFOPLIST_FILE = "$(SRCROOT)/CarWashApp/CarWashApp-Info.plist";
				LD_RUNPATH_SEARCH_PATHS = "$(inherited) @executable_path/Frameworks";
				PRODUCT_NAME = CarWashApp;
				VALID_ARCHS = "armv7 arm64";
				WRAPPER_EXTENSION = app;
			};
			name = Debug;
		};
		858B843218CA22B800AB12DE /* Release */ = {
			isa = XCBuildConfiguration;
			baseConfigurationReference = CDD59A271BB43B5D00EC2671 /* build-release.xcconfig */;
			buildSettings = {
				ARCHS = "$(ARCHS_STANDARD)";
				CLANG_ENABLE_MODULES = NO;
				CLANG_MODULES_AUTOLINK = NO;
				ENABLE_BITCODE = NO;
				FRAMEWORK_SEARCH_PATHS = (
					"$(inherited)",
					"\"../../lib/iOS\"",
				);
				GCC_PRECOMPILE_PREFIX_HEADER = YES;
				GCC_PREFIX_HEADER = "CarWashApp/CarWashApp-Prefix.pch";
				INFOPLIST_FILE = "$(SRCROOT)/CarWashApp/CarWashApp-Info.plist";
				LD_RUNPATH_SEARCH_PATHS = "$(inherited) @executable_path/Frameworks";
				PRODUCT_NAME = CarWashApp;
				VALID_ARCHS = "armv7 arm64";
				WRAPPER_EXTENSION = app;
			};
			name = Release;
		};
/* End XCBuildConfiguration section */

/* Begin XCConfigurationList section */
		858B832918CA111C00AB12DE /* Build configuration list for PBXProject "CarWashApp" */ = {
			isa = XCConfigurationList;
			buildConfigurations = (
				858B835818CA111C00AB12DE /* Debug */,
				858B835918CA111C00AB12DE /* Release */,
			);
			defaultConfigurationIsVisible = 0;
			defaultConfigurationName = Release;
		};
		858B843018CA22B800AB12DE /* Build configuration list for PBXNativeTarget "CarWashApp" */ = {
			isa = XCConfigurationList;
			buildConfigurations = (
				858B843118CA22B800AB12DE /* Debug */,
				858B843218CA22B800AB12DE /* Release */,
			);
			defaultConfigurationIsVisible = 0;
			defaultConfigurationName = Release;
		};
/* End XCConfigurationList section */
	};
	rootObject = 858B832618CA111C00AB12DE /* Project object */;
}
